
Microsoft Visual Studio Solution File, Format Version 12.00
# Visual Studio Version 17
VisualStudioVersion = 17.11.35303.130
MinimumVisualStudioVersion = 10.0.40219.1
Project("{FAE04EC0-301F-11D3-BF4B-00C04F79EFBC}") = "Tarea01", "Tarea01\Tarea01.csproj", "{C2D32578-AFD6-4CC2-9E9C-30A77E31F58B}"
EndProject
Project("{FAE04EC0-301F-11D3-BF4B-00C04F79EFBC}") = "Problema_02", "Problema_02\Problema_02.csproj", "{20EAB10F-6D62-4746-945A-A739AD3BC11E}"
EndProject
Project("{FAE04EC0-301F-11D3-BF4B-00C04F79EFBC}") = "Problema_03", "Problema_03\Problema_03.csproj", "{F5B273C3-E3C1-42B7-831B-E82161B81C75}"
EndProject
Project("{FAE04EC0-301F-11D3-BF4B-00C04F79EFBC}") = "Problema_04", "Problema_04\Problema_04.csproj", "{D27F9B35-35C7-4AED-9148-E0A087590407}"
EndProject
Project("{FAE04EC0-301F-11D3-BF4B-00C04F79EFBC}") = "Problema_05", "Problema_05\Problema_05.csproj", "{611B55CF-99EB-4704-80DE-C61B976ADEA1}"
EndProject
Project("{FAE04EC0-301F-11D3-BF4B-00C04F79EFBC}") = "Probema_06", "Probema_06\Probema_06.csproj", "{CB7AD6FD-F0BE-4773-AC1E-EF6882F95065}"
EndProject
Project("{FAE04EC0-301F-11D3-BF4B-00C04F79EFBC}") = "Problema_07", "Problema_07\Problema_07.csproj", "{1EC026FB-2D52-49E3-921F-7C15CC89D491}"
EndProject
Project("{FAE04EC0-301F-11D3-BF4B-00C04F79EFBC}") = "Problema_08", "Problema_08\Problema_08.csproj", "{C12F68D4-09B8-4394-B797-9B3F17ED0E64}"
EndProject
Project("{FAE04EC0-301F-11D3-BF4B-00C04F79EFBC}") = "Problema_09", "Problema_09\Problema_09.csproj", "{C336ED8C-B853-463E-AE2C-11BF59600C02}"
EndProject
Global
	GlobalSection(SolutionConfigurationPlatforms) = preSolution
		Debug|Any CPU = Debug|Any CPU
		Release|Any CPU = Release|Any CPU
	EndGlobalSection
	GlobalSection(ProjectConfigurationPlatforms) = postSolution
		{C2D32578-AFD6-4CC2-9E9C-30A77E31F58B}.Debug|Any CPU.ActiveCfg = Debug|Any CPU
		{C2D32578-AFD6-4CC2-9E9C-30A77E31F58B}.Debug|Any CPU.Build.0 = Debug|Any CPU
		{C2D32578-AFD6-4CC2-9E9C-30A77E31F58B}.Release|Any CPU.ActiveCfg = Release|Any CPU
		{C2D32578-AFD6-4CC2-9E9C-30A77E31F58B}.Release|Any CPU.Build.0 = Release|Any CPU
		{20EAB10F-6D62-4746-945A-A739AD3BC11E}.Debug|Any CPU.ActiveCfg = Debug|Any CPU
		{20EAB10F-6D62-4746-945A-A739AD3BC11E}.Debug|Any CPU.Build.0 = Debug|Any CPU
		{20EAB10F-6D62-4746-945A-A739AD3BC11E}.Release|Any CPU.ActiveCfg = Release|Any CPU
		{20EAB10F-6D62-4746-945A-A739AD3BC11E}.Release|Any CPU.Build.0 = Release|Any CPU
		{F5B273C3-E3C1-42B7-831B-E82161B81C75}.Debug|Any CPU.ActiveCfg = Debug|Any CPU
		{F5B273C3-E3C1-42B7-831B-E82161B81C75}.Debug|Any CPU.Build.0 = Debug|Any CPU
		{F5B273C3-E3C1-42B7-831B-E82161B81C75}.Release|Any CPU.ActiveCfg = Release|Any CPU
		{F5B273C3-E3C1-42B7-831B-E82161B81C75}.Release|Any CPU.Build.0 = Release|Any CPU
		{D27F9B35-35C7-4AED-9148-E0A087590407}.Debug|Any CPU.ActiveCfg = Debug|Any CPU
		{D27F9B35-35C7-4AED-9148-E0A087590407}.Debug|Any CPU.Build.0 = Debug|Any CPU
		{D27F9B35-35C7-4AED-9148-E0A087590407}.Release|Any CPU.ActiveCfg = Release|Any CPU
		{D27F9B35-35C7-4AED-9148-E0A087590407}.Release|Any CPU.Build.0 = Release|Any CPU
		{611B55CF-99EB-4704-80DE-C61B976ADEA1}.Debug|Any CPU.ActiveCfg = Debug|Any CPU
		{611B55CF-99EB-4704-80DE-C61B976ADEA1}.Debug|Any CPU.Build.0 = Debug|Any CPU
		{611B55CF-99EB-4704-80DE-C61B976ADEA1}.Release|Any CPU.ActiveCfg = Release|Any CPU
		{611B55CF-99EB-4704-80DE-C61B976ADEA1}.Release|Any CPU.Build.0 = Release|Any CPU
		{CB7AD6FD-F0BE-4773-AC1E-EF6882F95065}.Debug|Any CPU.ActiveCfg = Debug|Any CPU
		{CB7AD6FD-F0BE-4773-AC1E-EF6882F95065}.Debug|Any CPU.Build.0 = Debug|Any CPU
		{CB7AD6FD-F0BE-4773-AC1E-EF6882F95065}.Release|Any CPU.ActiveCfg = Release|Any CPU
		{CB7AD6FD-F0BE-4773-AC1E-EF6882F95065}.Release|Any CPU.Build.0 = Release|Any CPU
		{1EC026FB-2D52-49E3-921F-7C15CC89D491}.Debug|Any CPU.ActiveCfg = Debug|Any CPU
		{1EC026FB-2D52-49E3-921F-7C15CC89D491}.Debug|Any CPU.Build.0 = Debug|Any CPU
		{1EC026FB-2D52-49E3-921F-7C15CC89D491}.Release|Any CPU.ActiveCfg = Release|Any CPU
		{1EC026FB-2D52-49E3-921F-7C15CC89D491}.Release|Any CPU.Build.0 = Release|Any CPU
		{C12F68D4-09B8-4394-B797-9B3F17ED0E64}.Debug|Any CPU.ActiveCfg = Debug|Any CPU
		{C12F68D4-09B8-4394-B797-9B3F17ED0E64}.Debug|Any CPU.Build.0 = Debug|Any CPU
		{C12F68D4-09B8-4394-B797-9B3F17ED0E64}.Release|Any CPU.ActiveCfg = Release|Any CPU
		{C12F68D4-09B8-4394-B797-9B3F17ED0E64}.Release|Any CPU.Build.0 = Release|Any CPU
		{C336ED8C-B853-463E-AE2C-11BF59600C02}.Debug|Any CPU.ActiveCfg = Debug|Any CPU
		{C336ED8C-B853-463E-AE2C-11BF59600C02}.Debug|Any CPU.Build.0 = Debug|Any CPU
		{C336ED8C-B853-463E-AE2C-11BF59600C02}.Release|Any CPU.ActiveCfg = Release|Any CPU
		{C336ED8C-B853-463E-AE2C-11BF59600C02}.Release|Any CPU.Build.0 = Release|Any CPU
	EndGlobalSection
	GlobalSection(SolutionProperties) = preSolution
		HideSolutionNode = FALSE
	EndGlobalSection
	GlobalSection(ExtensibilityGlobals) = postSolution
		SolutionGuid = {83B1AC00-5D55-449B-B1AE-A776B64C3533}
	EndGlobalSection
EndGlobal
